
Microsoft Visual Studio Solution File, Format Version 12.00
# Visual Studio Version 17
VisualStudioVersion = 17.9.34728.123
MinimumVisualStudioVersion = 10.0.40219.1
Project("{8BC9CEB8-8B4A-11D0-8D11-00A0C91BC942}") = "Falu", "Falu\Falu.vcxproj", "{DCA7A385-19D7-407E-B799-D66EB81C281D}"
EndProject
Global
	GlobalSection(SolutionConfigurationPlatforms) = preSolution
		Debug|x64 = Debug|x64
		Debug|x86 = Debug|x86
		Release|x64 = Release|x64
		Release|x86 = Release|x86
	EndGlobalSection
	GlobalSection(ProjectConfigurationPlatforms) = postSolution
		{DCA7A385-19D7-407E-B799-D66EB81C281D}.Debug|x64.ActiveCfg = Debug|x64
		{DCA7A385-19D7-407E-B799-D66EB81C281D}.Debug|x64.Build.0 = Debug|x64
		{DCA7A385-19D7-407E-B799-D66EB81C281D}.Debug|x86.ActiveCfg = Debug|Win32
		{DCA7A385-19D7-407E-B799-D66EB81C281D}.Debug|x86.Build.0 = Debug|Win32
		{DCA7A385-19D7-407E-B799-D66EB81C281D}.Release|x64.ActiveCfg = Release|x64
		{DCA7A385-19D7-407E-B799-D66EB81C281D}.Release|x64.Build.0 = Release|x64
		{DCA7A385-19D7-407E-B799-D66EB81C281D}.Release|x86.ActiveCfg = Release|Win32
		{DCA7A385-19D7-407E-B799-D66EB81C281D}.Release|x86.Build.0 = Release|Win32
	EndGlobalSection
	GlobalSection(SolutionProperties) = preSolution
		HideSolutionNode = FALSE
	EndGlobalSection
	GlobalSection(ExtensibilityGlobals) = postSolution
		SolutionGuid = {F96BEA67-ADFD-440A-AF12-327C0B49EF8C}
	EndGlobalSection
EndGlobal
